
Microsoft Visual Studio Solution File, Format Version 12.00
# Visual Studio 15
VisualStudioVersion = 15.0.28307.705
MinimumVisualStudioVersion = 10.0.40219.1
Project("{FAE04EC0-301F-11D3-BF4B-00C04F79EFBC}") = "WS_CloneDataLive", "WS_CloneDataLive\WS_CloneDataLive.csproj", "{23B49E3B-564C-470C-BDD9-D0B21F93B78E}"
EndProject
Project("{FAE04EC0-301F-11D3-BF4B-00C04F79EFBC}") = "WS_BackupMySQL", "WS_BackupMySQL\WS_BackupMySQL.csproj", "{8EE55FD6-B5A3-4F39-A55E-4A0C2D2CD479}"
EndProject
Global
	GlobalSection(SolutionConfigurationPlatforms) = preSolution
		Debug|Any CPU = Debug|Any CPU
		Release|Any CPU = Release|Any CPU
	EndGlobalSection
	GlobalSection(ProjectConfigurationPlatforms) = postSolution
		{23B49E3B-564C-470C-BDD9-D0B21F93B78E}.Debug|Any CPU.ActiveCfg = Debug|Any CPU
		{23B49E3B-564C-470C-BDD9-D0B21F93B78E}.Debug|Any CPU.Build.0 = Debug|Any CPU
		{23B49E3B-564C-470C-BDD9-D0B21F93B78E}.Release|Any CPU.ActiveCfg = Release|Any CPU
		{23B49E3B-564C-470C-BDD9-D0B21F93B78E}.Release|Any CPU.Build.0 = Release|Any CPU
		{8EE55FD6-B5A3-4F39-A55E-4A0C2D2CD479}.Debug|Any CPU.ActiveCfg = Debug|Any CPU
		{8EE55FD6-B5A3-4F39-A55E-4A0C2D2CD479}.Debug|Any CPU.Build.0 = Debug|Any CPU
		{8EE55FD6-B5A3-4F39-A55E-4A0C2D2CD479}.Release|Any CPU.ActiveCfg = Release|Any CPU
		{8EE55FD6-B5A3-4F39-A55E-4A0C2D2CD479}.Release|Any CPU.Build.0 = Release|Any CPU
	EndGlobalSection
	GlobalSection(SolutionProperties) = preSolution
		HideSolutionNode = FALSE
	EndGlobalSection
	GlobalSection(ExtensibilityGlobals) = postSolution
		SolutionGuid = {134E6069-F074-416C-83F4-0D54393895F6}
	EndGlobalSection
EndGlobal
